{
  "originHash" : "50379974da9102fc40bfd270d1fe7bdf6680062663441182c0bb9eef0da04f36",
  "pins" : [
    {
      "identity" : "miniqtc",
      "kind" : "remoteSourceControl",
      "location" : "https://github.com/mannd/MiniQTc",
      "state" : {
        "branch" : "main",
        "revision" : "8bacdf2ea3efe84e0a3e42711388b6c365b6e864"
      }
    },
    {
      "identity" : "swift-collections",
      "kind" : "remoteSourceControl",
      "location" : "https://github.com/apple/swift-collections.git",
      "state" : {
        "revision" : "48254824bb4248676bf7ce56014ff57b142b77eb",
        "version" : "1.0.2"
      }
    },
    {
      "identity" : "swift-numerics",
      "kind" : "remoteSourceControl",
      "location" : "https://github.com/apple/swift-numerics.git",
      "state" : {
        "revision" : "e0ec0f5f3af6f3e4d5e7a19d2af26b481acb6ba8",
        "version" : "1.0.3"
      }
    }
  ],
  "version" : 3
}
